{
    "_readme": [
        "This file locks the dependencies of your project to a known state",
        "Read more about it at https://getcomposer.org/doc/01-basic-usage.md#installing-dependencies",
        "This file is @generated automatically"
    ],
    "content-hash": "5b312c5b4fbb9f9433e53e2b245693ca",
    "packages": [
        {
            "name": "erusev/parsedown",
            "version": "2.0.x-dev",
            "source": {
                "type": "git",
                "url": "https://github.com/erusev/parsedown.git",
                "reference": "32278afaf36c758de026b66661d3afd6dfbea743"
            },
            "dist": {
                "type": "zip",
                "url": "https://api.github.com/repos/erusev/parsedown/zipball/32278afaf36c758de026b66661d3afd6dfbea743",
                "reference": "32278afaf36c758de026b66661d3afd6dfbea743",
                "shasum": "",
                "mirrors": [
                    {
                        "url": "https://mirrors.aliyun.com/composer/dists/%package%/%reference%.%type%",
                        "preferred": true
                    }
                ]
            },
            "require": {
                "ext-mbstring": "*",
                "php": "^7.1||^8.0"
            },
            "require-dev": {
                "friendsofphp/php-cs-fixer": "^3.0.0",
                "infection/infection": "^0.25.0",
                "phpunit/phpunit": "^9.3.11||^8.5.21||^7.5.20",
                "roave/infection-static-analysis-plugin": "^1.10.0",
                "vimeo/psalm": "^4.10.0"
            },
            "type": "library",
            "autoload": {
                "psr-4": {
                    "Erusev\\Parsedown\\": "src/"
                }
            },
            "notification-url": "https://packagist.org/downloads/",
            "license": [
                "MIT"
            ],
            "authors": [
                {
                    "name": "Emanuil Rusev",
                    "email": "hello@erusev.com",
                    "homepage": "http://erusev.com"
                }
            ],
            "description": "Parser for Markdown.",
            "homepage": "http://parsedown.org",
            "keywords": [
                "markdown",
                "parser"
            ],
            "support": {
                "issues": "https://github.com/erusev/parsedown/issues",
                "source": "https://github.com/erusev/parsedown/tree/2.0.x"
            },
            "time": "2022-05-21T21:40:24+00:00"
        },
        {
            "name": "meenie/javascript-packer",
            "version": "1.1",
            "source": {
                "type": "git",
                "url": "https://github.com/meenie/javascript-packer.git",
                "reference": "dcab0159ae1ed9d7535c034fb8afe1e4c3495d22"
            },
            "dist": {
                "type": "zip",
                "url": "https://api.github.com/repos/meenie/javascript-packer/zipball/dcab0159ae1ed9d7535c034fb8afe1e4c3495d22",
                "reference": "dcab0159ae1ed9d7535c034fb8afe1e4c3495d22",
                "shasum": "",
                "mirrors": [
                    {
                        "url": "https://mirrors.aliyun.com/composer/dists/%package%/%reference%.%type%",
                        "preferred": true
                    }
                ]
            },
            "type": "library",
            "autoload": {
                "files": [
                    "class.JavaScriptPacker.php"
                ]
            },
            "notification-url": "https://packagist.org/downloads/",
            "license": [
                "LGPL 2.1"
            ],
            "authors": [
                {
                    "name": "Nicolas Martin",
                    "role": "Developer"
                }
            ],
            "description": "Composer hosted mirror of the PHP Version of Dean Edwards' JavaScript Packer",
            "homepage": "http://joliclic.free.fr/php/javascript-packer/en/",
            "keywords": [
                "javascript packer"
            ],
            "support": {
                "issues": "https://github.com/meenie/javascript-packer/issues",
                "source": "https://github.com/meenie/javascript-packer/tree/1.1"
            },
            "time": "2013-03-25T21:54:33+00:00"
        },
        {
            "name": "mrclay/jsmin-php",
            "version": "2.4.1",
            "source": {
                "type": "git",
                "url": "https://github.com/mrclay/jsmin-php.git",
                "reference": "208e4122f8a273314e81c6b3bee897b5f3c1dc70"
            },
            "dist": {
                "type": "zip",
                "url": "https://api.github.com/repos/mrclay/jsmin-php/zipball/208e4122f8a273314e81c6b3bee897b5f3c1dc70",
                "reference": "208e4122f8a273314e81c6b3bee897b5f3c1dc70",
                "shasum": "",
                "mirrors": [
                    {
                        "url": "https://mirrors.aliyun.com/composer/dists/%package%/%reference%.%type%",
                        "preferred": true
                    }
                ]
            },
            "require": {
                "ext-pcre": "*",
                "php": ">=5.3.0"
            },
            "require-dev": {
                "phpunit/phpunit": "4.2"
            },
            "type": "library",
            "autoload": {
                "psr-0": {
                    "JSMin\\": "src/"
                }
            },
            "notification-url": "https://packagist.org/downloads/",
            "license": [
                "MIT"
            ],
            "authors": [
                {
                    "name": "Stephen Clay",
                    "email": "steve@mrclay.org",
                    "role": "Developer"
                },
                {
                    "name": "Ryan Grove",
                    "email": "ryan@wonko.com",
                    "role": "Developer"
                }
            ],
            "description": "Provides a modified port of Douglas Crockford's jsmin.c, which removes unnecessary whitespace from JavaScript files.",
            "homepage": "https://github.com/mrclay/jsmin-php/",
            "keywords": [
                "compress",
                "jsmin",
                "minify"
            ],
            "support": {
                "email": "minify@googlegroups.com",
                "issues": "https://github.com/mrclay/jsmin-php/issues",
                "source": "https://github.com/mrclay/jsmin-php/tree/2.4.1"
            },
            "time": "2022-03-26T14:41:59+00:00"
        },
        {
            "name": "phrozenbyte/cssmin",
            "version": "v3.0.2",
            "source": {
                "type": "git",
                "url": "https://github.com/PhrozenByte/cssmin.git",
                "reference": "cbf03632033927f2bccf19b424d61a14fc44e37a"
            },
            "dist": {
                "type": "zip",
                "url": "https://api.github.com/repos/PhrozenByte/cssmin/zipball/cbf03632033927f2bccf19b424d61a14fc44e37a",
                "reference": "cbf03632033927f2bccf19b424d61a14fc44e37a",
                "shasum": "",
                "mirrors": [
                    {
                        "url": "https://mirrors.aliyun.com/composer/dists/%package%/%reference%.%type%",
                        "preferred": true
                    }
                ]
            },
            "require": {
                "php": ">=5.0"
            },
            "type": "library",
            "autoload": {
                "classmap": [
                    "src/"
                ]
            },
            "notification-url": "https://packagist.org/downloads/",
            "license": [
                "MIT"
            ],
            "authors": [
                {
                    "name": "Joe Scylla",
                    "email": "joe.scylla@gmail.com",
                    "homepage": "https://profiles.google.com/joe.scylla"
                }
            ],
            "description": "CssMin is a css parser and minfier. It minifies css by removing unneeded whitespace character, comments, empty blocks and empty declarations. In addition declaration values can get rewritten to shorter notation if available. The minification if configurable.",
            "homepage": "http://code.google.com/p/cssmin/",
            "keywords": [
                "css",
                "minify"
            ],
            "support": {
                "issues": "https://github.com/PhrozenByte/cssmin/issues",
                "source": "https://github.com/PhrozenByte/cssmin/tree/master"
            },
            "time": "2017-05-26T17:05:01+00:00"
        }
    ],
    "packages-dev": [],
    "aliases": [],
    "minimum-stability": "stable",
    "stability-flags": {
        "erusev/parsedown": 20
    },
    "prefer-stable": false,
    "prefer-lowest": false,
    "platform": {
        "php": "^7.0"
    },
    "platform-dev": [],
    "plugin-api-version": "2.3.0"
}
